// !$*UTF8*$!
{
	archiveVersion = 1;
	classes = {
	};
	objectVersion = 56;
	objects = {

/* Begin PBXBuildFile section */
		1B4BB54E296F93D000A49ACF /* financeApp.swift in Sources */ = {isa = PBXBuildFile; fileRef = 1B4BB54D296F93D000A49ACF /* financeApp.swift */; };
		1B4BB550296F93D000A49ACF /* ContentView.swift in Sources */ = {isa = PBXBuildFile; fileRef = 1B4BB54F296F93D000A49ACF /* ContentView.swift */; };
		1B4BB552296F93D200A49ACF /* Assets.xcassets in Resources */ = {isa = PBXBuildFile; fileRef = 1B4BB551296F93D200A49ACF /* Assets.xcassets */; };
		1B4BB555296F93D200A49ACF /* Preview Assets.xcassets in Resources */ = {isa = PBXBuildFile; fileRef = 1B4BB554296F93D200A49ACF /* Preview Assets.xcassets */; };
		1B4BB557296F93D200A49ACF /* Persistence.swift in Sources */ = {isa = PBXBuildFile; fileRef = 1B4BB556296F93D200A49ACF /* Persistence.swift */; };
		1B4BB55A296F93D300A49ACF /* finance.xcdatamodeld in Sources */ = {isa = PBXBuildFile; fileRef = 1B4BB558296F93D200A49ACF /* finance.xcdatamodeld */; };
		1B4BB564296F93D300A49ACF /* financeTests.swift in Sources */ = {isa = PBXBuildFile; fileRef = 1B4BB563296F93D300A49ACF /* financeTests.swift */; };
		1B4BB56E296F93D300A49ACF /* financeUITests.swift in Sources */ = {isa = PBXBuildFile; fileRef = 1B4BB56D296F93D300A49ACF /* financeUITests.swift */; };
		1B4BB570296F93D300A49ACF /* financeUITestsLaunchTests.swift in Sources */ = {isa = PBXBuildFile; fileRef = 1B4BB56F296F93D300A49ACF /* financeUITestsLaunchTests.swift */; };
		1B4BB580296F955A00A49ACF /* SimpleButton.swift in Sources */ = {isa = PBXBuildFile; fileRef = 1B4BB57F296F955A00A49ACF /* SimpleButton.swift */; };
/* End PBXBuildFile section */

/* Begin PBXContainerItemProxy section */
		1B4BB560296F93D300A49ACF /* PBXContainerItemProxy */ = {
			isa = PBXContainerItemProxy;
			containerPortal = 1B4BB542296F93D000A49ACF /* Project object */;
			proxyType = 1;
			remoteGlobalIDString = 1B4BB549296F93D000A49ACF;
			remoteInfo = finance;
		};
		1B4BB56A296F93D300A49ACF /* PBXContainerItemProxy */ = {
			isa = PBXContainerItemProxy;
			containerPortal = 1B4BB542296F93D000A49ACF /* Project object */;
			proxyType = 1;
			remoteGlobalIDString = 1B4BB549296F93D000A49ACF;
			remoteInfo = finance;
		};
/* End PBXContainerItemProxy section */

/* Begin PBXFileReference section */
		1B4BB54A296F93D000A49ACF /* finance.app */ = {isa = PBXFileReference; explicitFileType = wrapper.application; includeInIndex = 0; path = finance.app; sourceTree = BUILT_PRODUCTS_DIR; };
		1B4BB54D296F93D000A49ACF /* financeApp.swift */ = {isa = PBXFileReference; lastKnownFileType = sourcecode.swift; path = financeApp.swift; sourceTree = "<group>"; };
		1B4BB54F296F93D000A49ACF /* ContentView.swift */ = {isa = PBXFileReference; lastKnownFileType = sourcecode.swift; path = ContentView.swift; sourceTree = "<group>"; };
		1B4BB551296F93D200A49ACF /* Assets.xcassets */ = {isa = PBXFileReference; lastKnownFileType = folder.assetcatalog; path = Assets.xcassets; sourceTree = "<group>"; };
		1B4BB554296F93D200A49ACF /* Preview Assets.xcassets */ = {isa = PBXFileReference; lastKnownFileType = folder.assetcatalog; path = "Preview Assets.xcassets"; sourceTree = "<group>"; };
		1B4BB556296F93D200A49ACF /* Persistence.swift */ = {isa = PBXFileReference; lastKnownFileType = sourcecode.swift; path = Persistence.swift; sourceTree = "<group>"; };
		1B4BB559296F93D200A49ACF /* finance.xcdatamodel */ = {isa = PBXFileReference; lastKnownFileType = wrapper.xcdatamodel; path = finance.xcdatamodel; sourceTree = "<group>"; };
		1B4BB55F296F93D300A49ACF /* financeTests.xctest */ = {isa = PBXFileReference; explicitFileType = wrapper.cfbundle; includeInIndex = 0; path = financeTests.xctest; sourceTree = BUILT_PRODUCTS_DIR; };
		1B4BB563296F93D300A49ACF /* financeTests.swift */ = {isa = PBXFileReference; lastKnownFileType = sourcecode.swift; path = financeTests.swift; sourceTree = "<group>"; };
		1B4BB569296F93D300A49ACF /* financeUITests.xctest */ = {isa = PBXFileReference; explicitFileType = wrapper.cfbundle; includeInIndex = 0; path = financeUITests.xctest; sourceTree = BUILT_PRODUCTS_DIR; };
		1B4BB56D296F93D300A49ACF /* financeUITests.swift */ = {isa = PBXFileReference; lastKnownFileType = sourcecode.swift; path = financeUITests.swift; sourceTree = "<group>"; };
		1B4BB56F296F93D300A49ACF /* financeUITestsLaunchTests.swift */ = {isa = PBXFileReference; lastKnownFileType = sourcecode.swift; path = financeUITestsLaunchTests.swift; sourceTree = "<group>"; };
		1B4BB57F296F955A00A49ACF /* SimpleButton.swift */ = {isa = PBXFileReference; lastKnownFileType = sourcecode.swift; path = SimpleButton.swift; sourceTree = "<group>"; };
/* End PBXFileReference section */

/* Begin PBXFrameworksBuildPhase section */
		1B4BB547296F93D000A49ACF /* Frameworks */ = {
			isa = PBXFrameworksBuildPhase;
			buildActionMask = 2147483647;
			files = (
			);
			runOnlyForDeploymentPostprocessing = 0;
		};
		1B4BB55C296F93D300A49ACF /* Frameworks */ = {
			isa = PBXFrameworksBuildPhase;
			buildActionMask = 2147483647;
			files = (
			);
			runOnlyForDeploymentPostprocessing = 0;
		};
		1B4BB566296F93D300A49ACF /* Frameworks */ = {
			isa = PBXFrameworksBuildPhase;
			buildActionMask = 2147483647;
			files = (
			);
			runOnlyForDeploymentPostprocessing = 0;
		};
/* End PBXFrameworksBuildPhase section */

/* Begin PBXGroup section */
		1B4BB541296F93D000A49ACF = {
			isa = PBXGroup;
			children = (
				1B4BB54C296F93D000A49ACF /* finance */,
				1B4BB562296F93D300A49ACF /* financeTests */,
				1B4BB56C296F93D300A49ACF /* financeUITests */,
				1B4BB54B296F93D000A49ACF /* Products */,
			);
			sourceTree = "<group>";
		};
		1B4BB54B296F93D000A49ACF /* Products */ = {
			isa = PBXGroup;
			children = (
				1B4BB54A296F93D000A49ACF /* finance.app */,
				1B4BB55F296F93D300A49ACF /* financeTests.xctest */,
				1B4BB569296F93D300A49ACF /* financeUITests.xctest */,
			);
			name = Products;
			sourceTree = "<group>";
		};
		1B4BB54C296F93D000A49ACF /* finance */ = {
			isa = PBXGroup;
			children = (
				1B4BB57C296F93EC00A49ACF /* Components */,
				1B4BB54D296F93D000A49ACF /* financeApp.swift */,
				1B4BB54F296F93D000A49ACF /* ContentView.swift */,
				1B4BB551296F93D200A49ACF /* Assets.xcassets */,
				1B4BB556296F93D200A49ACF /* Persistence.swift */,
				1B4BB558296F93D200A49ACF /* finance.xcdatamodeld */,
				1B4BB553296F93D200A49ACF /* Preview Content */,
			);
			path = finance;
			sourceTree = "<group>";
		};
		1B4BB553296F93D200A49ACF /* Preview Content */ = {
			isa = PBXGroup;
			children = (
				1B4BB554296F93D200A49ACF /* Preview Assets.xcassets */,
			);
			path = "Preview Content";
			sourceTree = "<group>";
		};
		1B4BB562296F93D300A49ACF /* financeTests */ = {
			isa = PBXGroup;
			children = (
				1B4BB563296F93D300A49ACF /* financeTests.swift */,
			);
			path = financeTests;
			sourceTree = "<group>";
		};
		1B4BB56C296F93D300A49ACF /* financeUITests */ = {
			isa = PBXGroup;
			children = (
				1B4BB56D296F93D300A49ACF /* financeUITests.swift */,
				1B4BB56F296F93D300A49ACF /* financeUITestsLaunchTests.swift */,
			);
			path = financeUITests;
			sourceTree = "<group>";
		};
		1B4BB57C296F93EC00A49ACF /* Components */ = {
			isa = PBXGroup;
			children = (
				1B4BB57D296F942F00A49ACF /* Buttons */,
			);
			path = Components;
			sourceTree = "<group>";
		};
		1B4BB57D296F942F00A49ACF /* Buttons */ = {
			isa = PBXGroup;
			children = (
				1B4BB57E296F947500A49ACF /* SimpleButton */,
			);
			path = Buttons;
			sourceTree = "<group>";
		};
		1B4BB57E296F947500A49ACF /* SimpleButton */ = {
			isa = PBXGroup;
			children = (
				1B4BB57F296F955A00A49ACF /* SimpleButton.swift */,
			);
			path = SimpleButton;
			sourceTree = "<group>";
		};
/* End PBXGroup section */

/* Begin PBXNativeTarget section */
		1B4BB549296F93D000A49ACF /* finance */ = {
			isa = PBXNativeTarget;
			buildConfigurationList = 1B4BB573296F93D300A49ACF /* Build configuration list for PBXNativeTarget "finance" */;
			buildPhases = (
				1B4BB546296F93D000A49ACF /* Sources */,
				1B4BB547296F93D000A49ACF /* Frameworks */,
				1B4BB548296F93D000A49ACF /* Resources */,
			);
			buildRules = (
			);
			dependencies = (
			);
			name = finance;
			productName = finance;
			productReference = 1B4BB54A296F93D000A49ACF /* finance.app */;
			productType = "com.apple.product-type.application";
		};
		1B4BB55E296F93D300A49ACF /* financeTests */ = {
			isa = PBXNativeTarget;
			buildConfigurationList = 1B4BB576296F93D300A49ACF /* Build configuration list for PBXNativeTarget "financeTests" */;
			buildPhases = (
				1B4BB55B296F93D300A49ACF /* Sources */,
				1B4BB55C296F93D300A49ACF /* Frameworks */,
				1B4BB55D296F93D300A49ACF /* Resources */,
			);
			buildRules = (
			);
			dependencies = (
				1B4BB561296F93D300A49ACF /* PBXTargetDependency */,
			);
			name = financeTests;
			productName = financeTests;
			productReference = 1B4BB55F296F93D300A49ACF /* financeTests.xctest */;
			productType = "com.apple.product-type.bundle.unit-test";
		};
		1B4BB568296F93D300A49ACF /* financeUITests */ = {
			isa = PBXNativeTarget;
			buildConfigurationList = 1B4BB579296F93D300A49ACF /* Build configuration list for PBXNativeTarget "financeUITests" */;
			buildPhases = (
				1B4BB565296F93D300A49ACF /* Sources */,
				1B4BB566296F93D300A49ACF /* Frameworks */,
				1B4BB567296F93D300A49ACF /* Resources */,
			);
			buildRules = (
			);
			dependencies = (
				1B4BB56B296F93D300A49ACF /* PBXTargetDependency */,
			);
			name = financeUITests;
			productName = financeUITests;
			productReference = 1B4BB569296F93D300A49ACF /* financeUITests.xctest */;
			productType = "com.apple.product-type.bundle.ui-testing";
		};
/* End PBXNativeTarget section */

/* Begin PBXProject section */
		1B4BB542296F93D000A49ACF /* Project object */ = {
			isa = PBXProject;
			attributes = {
				BuildIndependentTargetsInParallel = 1;
				LastSwiftUpdateCheck = 1400;
				LastUpgradeCheck = 1400;
				TargetAttributes = {
					1B4BB549296F93D000A49ACF = {
						CreatedOnToolsVersion = 14.0.1;
					};
					1B4BB55E296F93D300A49ACF = {
						CreatedOnToolsVersion = 14.0.1;
						TestTargetID = 1B4BB549296F93D000A49ACF;
					};
					1B4BB568296F93D300A49ACF = {
						CreatedOnToolsVersion = 14.0.1;
						TestTargetID = 1B4BB549296F93D000A49ACF;
					};
				};
			};
			buildConfigurationList = 1B4BB545296F93D000A49ACF /* Build configuration list for PBXProject "finance" */;
			compatibilityVersion = "Xcode 14.0";
			developmentRegion = en;
			hasScannedForEncodings = 0;
			knownRegions = (
				en,
				Base,
			);
			mainGroup = 1B4BB541296F93D000A49ACF;
			productRefGroup = 1B4BB54B296F93D000A49ACF /* Products */;
			projectDirPath = "";
			projectRoot = "";
			targets = (
				1B4BB549296F93D000A49ACF /* finance */,
				1B4BB55E296F93D300A49ACF /* financeTests */,
				1B4BB568296F93D300A49ACF /* financeUITests */,
			);
		};
/* End PBXProject section */

/* Begin PBXResourcesBuildPhase section */
		1B4BB548296F93D000A49ACF /* Resources */ = {
			isa = PBXResourcesBuildPhase;
			buildActionMask = 2147483647;
			files = (
				1B4BB555296F93D200A49ACF /* Preview Assets.xcassets in Resources */,
				1B4BB552296F93D200A49ACF /* Assets.xcassets in Resources */,
			);
			runOnlyForDeploymentPostprocessing = 0;
		};
		1B4BB55D296F93D300A49ACF /* Resources */ = {
			isa = PBXResourcesBuildPhase;
			buildActionMask = 2147483647;
			files = (
			);
			runOnlyForDeploymentPostprocessing = 0;
		};
		1B4BB567296F93D300A49ACF /* Resources */ = {
			isa = PBXResourcesBuildPhase;
			buildActionMask = 2147483647;
			files = (
			);
			runOnlyForDeploymentPostprocessing = 0;
		};
/* End PBXResourcesBuildPhase section */

/* Begin PBXSourcesBuildPhase section */
		1B4BB546296F93D000A49ACF /* Sources */ = {
			isa = PBXSourcesBuildPhase;
			buildActionMask = 2147483647;
			files = (
				1B4BB55A296F93D300A49ACF /* finance.xcdatamodeld in Sources */,
				1B4BB557296F93D200A49ACF /* Persistence.swift in Sources */,
				1B4BB550296F93D000A49ACF /* ContentView.swift in Sources */,
				1B4BB54E296F93D000A49ACF /* financeApp.swift in Sources */,
				1B4BB580296F955A00A49ACF /* SimpleButton.swift in Sources */,
			);
			runOnlyForDeploymentPostprocessing = 0;
		};
		1B4BB55B296F93D300A49ACF /* Sources */ = {
			isa = PBXSourcesBuildPhase;
			buildActionMask = 2147483647;
			files = (
				1B4BB564296F93D300A49ACF /* financeTests.swift in Sources */,
			);
			runOnlyForDeploymentPostprocessing = 0;
		};
		1B4BB565296F93D300A49ACF /* Sources */ = {
			isa = PBXSourcesBuildPhase;
			buildActionMask = 2147483647;
			files = (
				1B4BB56E296F93D300A49ACF /* financeUITests.swift in Sources */,
				1B4BB570296F93D300A49ACF /* financeUITestsLaunchTests.swift in Sources */,
			);
			runOnlyForDeploymentPostprocessing = 0;
		};
/* End PBXSourcesBuildPhase section */

/* Begin PBXTargetDependency section */
		1B4BB561296F93D300A49ACF /* PBXTargetDependency */ = {
			isa = PBXTargetDependency;
			target = 1B4BB549296F93D000A49ACF /* finance */;
			targetProxy = 1B4BB560296F93D300A49ACF /* PBXContainerItemProxy */;
		};
		1B4BB56B296F93D300A49ACF /* PBXTargetDependency */ = {
			isa = PBXTargetDependency;
			target = 1B4BB549296F93D000A49ACF /* finance */;
			targetProxy = 1B4BB56A296F93D300A49ACF /* PBXContainerItemProxy */;
		};
/* End PBXTargetDependency section */

/* Begin XCBuildConfiguration section */
		1B4BB571296F93D300A49ACF /* Debug */ = {
			isa = XCBuildConfiguration;
			buildSettings = {
				ALWAYS_SEARCH_USER_PATHS = NO;
				CLANG_ANALYZER_NONNULL = YES;
				CLANG_ANALYZER_NUMBER_OBJECT_CONVERSION = YES_AGGRESSIVE;
				CLANG_CXX_LANGUAGE_STANDARD = "gnu++20";
				CLANG_ENABLE_MODULES = YES;
				CLANG_ENABLE_OBJC_ARC = YES;
				CLANG_ENABLE_OBJC_WEAK = YES;
				CLANG_WARN_BLOCK_CAPTURE_AUTORELEASING = YES;
				CLANG_WARN_BOOL_CONVERSION = YES;
				CLANG_WARN_COMMA = YES;
				CLANG_WARN_CONSTANT_CONVERSION = YES;
				CLANG_WARN_DEPRECATED_OBJC_IMPLEMENTATIONS = YES;
				CLANG_WARN_DIRECT_OBJC_ISA_USAGE = YES_ERROR;
				CLANG_WARN_DOCUMENTATION_COMMENTS = YES;
				CLANG_WARN_EMPTY_BODY = YES;
				CLANG_WARN_ENUM_CONVERSION = YES;
				CLANG_WARN_INFINITE_RECURSION = YES;
				CLANG_WARN_INT_CONVERSION = YES;
				CLANG_WARN_NON_LITERAL_NULL_CONVERSION = YES;
				CLANG_WARN_OBJC_IMPLICIT_RETAIN_SELF = YES;
				CLANG_WARN_OBJC_LITERAL_CONVERSION = YES;
				CLANG_WARN_OBJC_ROOT_CLASS = YES_ERROR;
				CLANG_WARN_QUOTED_INCLUDE_IN_FRAMEWORK_HEADER = YES;
				CLANG_WARN_RANGE_LOOP_ANALYSIS = YES;
				CLANG_WARN_STRICT_PROTOTYPES = YES;
				CLANG_WARN_SUSPICIOUS_MOVE = YES;
				CLANG_WARN_UNGUARDED_AVAILABILITY = YES_AGGRESSIVE;
				CLANG_WARN_UNREACHABLE_CODE = YES;
				CLANG_WARN__DUPLICATE_METHOD_MATCH = YES;
				COPY_PHASE_STRIP = NO;
				DEBUG_INFORMATION_FORMAT = dwarf;
				ENABLE_STRICT_OBJC_MSGSEND = YES;
				ENABLE_TESTABILITY = YES;
				GCC_C_LANGUAGE_STANDARD = gnu11;
				GCC_DYNAMIC_NO_PIC = NO;
				GCC_NO_COMMON_BLOCKS = YES;
				GCC_OPTIMIZATION_LEVEL = 0;
				GCC_PREPROCESSOR_DEFINITIONS = (
					"DEBUG=1",
					"$(inherited)",
				);
				GCC_WARN_64_TO_32_BIT_CONVERSION = YES;
				GCC_WARN_ABOUT_RETURN_TYPE = YES_ERROR;
				GCC_WARN_UNDECLARED_SELECTOR = YES;
				GCC_WARN_UNINITIALIZED_AUTOS = YES_AGGRESSIVE;
				GCC_WARN_UNUSED_FUNCTION = YES;
				GCC_WARN_UNUSED_VARIABLE = YES;
				IPHONEOS_DEPLOYMENT_TARGET = 16.0;
				MTL_ENABLE_DEBUG_INFO = INCLUDE_SOURCE;
				MTL_FAST_MATH = YES;
				ONLY_ACTIVE_ARCH = YES;
				SDKROOT = iphoneos;
				SWIFT_ACTIVE_COMPILATION_CONDITIONS = DEBUG;
				SWIFT_OPTIMIZATION_LEVEL = "-Onone";
			};
			name = Debug;
		};
		1B4BB572296F93D300A49ACF /* Release */ = {
			isa = XCBuildConfiguration;
			buildSettings = {
				ALWAYS_SEARCH_USER_PATHS = NO;
				CLANG_ANALYZER_NONNULL = YES;
				CLANG_ANALYZER_NUMBER_OBJECT_CONVERSION = YES_AGGRESSIVE;
				CLANG_CXX_LANGUAGE_STANDARD = "gnu++20";
				CLANG_ENABLE_MODULES = YES;
				CLANG_ENABLE_OBJC_ARC = YES;
				CLANG_ENABLE_OBJC_WEAK = YES;
				CLANG_WARN_BLOCK_CAPTURE_AUTORELEASING = YES;
				CLANG_WARN_BOOL_CONVERSION = YES;
				CLANG_WARN_COMMA = YES;
				CLANG_WARN_CONSTANT_CONVERSION = YES;
				CLANG_WARN_DEPRECATED_OBJC_IMPLEMENTATIONS = YES;
				CLANG_WARN_DIRECT_OBJC_ISA_USAGE = YES_ERROR;
				CLANG_WARN_DOCUMENTATION_COMMENTS = YES;
				CLANG_WARN_EMPTY_BODY = YES;
				CLANG_WARN_ENUM_CONVERSION = YES;
				CLANG_WARN_INFINITE_RECURSION = YES;
				CLANG_WARN_INT_CONVERSION = YES;
				CLANG_WARN_NON_LITERAL_NULL_CONVERSION = YES;
				CLANG_WARN_OBJC_IMPLICIT_RETAIN_SELF = YES;
				CLANG_WARN_OBJC_LITERAL_CONVERSION = YES;
				CLANG_WARN_OBJC_ROOT_CLASS = YES_ERROR;
				CLANG_WARN_QUOTED_INCLUDE_IN_FRAMEWORK_HEADER = YES;
				CLANG_WARN_RANGE_LOOP_ANALYSIS = YES;
				CLANG_WARN_STRICT_PROTOTYPES = YES;
				CLANG_WARN_SUSPICIOUS_MOVE = YES;
				CLANG_WARN_UNGUARDED_AVAILABILITY = YES_AGGRESSIVE;
				CLANG_WARN_UNREACHABLE_CODE = YES;
				CLANG_WARN__DUPLICATE_METHOD_MATCH = YES;
				COPY_PHASE_STRIP = NO;
				DEBUG_INFORMATION_FORMAT = "dwarf-with-dsym";
				ENABLE_NS_ASSERTIONS = NO;
				ENABLE_STRICT_OBJC_MSGSEND = YES;
				GCC_C_LANGUAGE_STANDARD = gnu11;
				GCC_NO_COMMON_BLOCKS = YES;
				GCC_WARN_64_TO_32_BIT_CONVERSION = YES;
				GCC_WARN_ABOUT_RETURN_TYPE = YES_ERROR;
				GCC_WARN_UNDECLARED_SELECTOR = YES;
				GCC_WARN_UNINITIALIZED_AUTOS = YES_AGGRESSIVE;
				GCC_WARN_UNUSED_FUNCTION = YES;
				GCC_WARN_UNUSED_VARIABLE = YES;
				IPHONEOS_DEPLOYMENT_TARGET = 16.0;
				MTL_ENABLE_DEBUG_INFO = NO;
				MTL_FAST_MATH = YES;
				SDKROOT = iphoneos;
				SWIFT_COMPILATION_MODE = wholemodule;
				SWIFT_OPTIMIZATION_LEVEL = "-O";
				VALIDATE_PRODUCT = YES;
			};
			name = Release;
		};
		1B4BB574296F93D300A49ACF /* Debug */ = {
			isa = XCBuildConfiguration;
			buildSettings = {
				ASSETCATALOG_COMPILER_APPICON_NAME = AppIcon;
				ASSETCATALOG_COMPILER_GLOBAL_ACCENT_COLOR_NAME = AccentColor;
				CODE_SIGN_STYLE = Automatic;
				CURRENT_PROJECT_VERSION = 1;
				DEVELOPMENT_ASSET_PATHS = "\"finance/Preview Content\"";
				DEVELOPMENT_TEAM = R399R4L4UA;
				ENABLE_PREVIEWS = YES;
				GENERATE_INFOPLIST_FILE = YES;
				INFOPLIST_KEY_UIApplicationSceneManifest_Generation = YES;
				INFOPLIST_KEY_UIApplicationSupportsIndirectInputEvents = YES;
				INFOPLIST_KEY_UILaunchScreen_Generation = YES;
				INFOPLIST_KEY_UISupportedInterfaceOrientations_iPad = "UIInterfaceOrientationPortrait UIInterfaceOrientationPortraitUpsideDown UIInterfaceOrientationLandscapeLeft UIInterfaceOrientationLandscapeRight";
				INFOPLIST_KEY_UISupportedInterfaceOrientations_iPhone = "UIInterfaceOrientationPortrait UIInterfaceOrientationLandscapeLeft UIInterfaceOrientationLandscapeRight";
				LD_RUNPATH_SEARCH_PATHS = (
					"$(inherited)",
					"@executable_path/Frameworks",
				);
				MARKETING_VERSION = 1.0;
				PRODUCT_BUNDLE_IDENTIFIER = francisco.com.br.finance;
				PRODUCT_NAME = "$(TARGET_NAME)";
				SWIFT_EMIT_LOC_STRINGS = YES;
				SWIFT_VERSION = 5.0;
				TARGETED_DEVICE_FAMILY = "1,2";
			};
			name = Debug;
		};
		1B4BB575296F93D300A49ACF /* Release */ = {
			isa = XCBuildConfiguration;
			buildSettings = {
				ASSETCATALOG_COMPILER_APPICON_NAME = AppIcon;
				ASSETCATALOG_COMPILER_GLOBAL_ACCENT_COLOR_NAME = AccentColor;
				CODE_SIGN_STYLE = Automatic;
				CURRENT_PROJECT_VERSION = 1;
				DEVELOPMENT_ASSET_PATHS = "\"finance/Preview Content\"";
				DEVELOPMENT_TEAM = R399R4L4UA;
				ENABLE_PREVIEWS = YES;
				GENERATE_INFOPLIST_FILE = YES;
				INFOPLIST_KEY_UIApplicationSceneManifest_Generation = YES;
				INFOPLIST_KEY_UIApplicationSupportsIndirectInputEvents = YES;
				INFOPLIST_KEY_UILaunchScreen_Generation = YES;
				INFOPLIST_KEY_UISupportedInterfaceOrientations_iPad = "UIInterfaceOrientationPortrait UIInterfaceOrientationPortraitUpsideDown UIInterfaceOrientationLandscapeLeft UIInterfaceOrientationLandscapeRight";
				INFOPLIST_KEY_UISupportedInterfaceOrientations_iPhone = "UIInterfaceOrientationPortrait UIInterfaceOrientationLandscapeLeft UIInterfaceOrientationLandscapeRight";
				LD_RUNPATH_SEARCH_PATHS = (
					"$(inherited)",
					"@executable_path/Frameworks",
				);
				MARKETING_VERSION = 1.0;
				PRODUCT_BUNDLE_IDENTIFIER = francisco.com.br.finance;
				PRODUCT_NAME = "$(TARGET_NAME)";
				SWIFT_EMIT_LOC_STRINGS = YES;
				SWIFT_VERSION = 5.0;
				TARGETED_DEVICE_FAMILY = "1,2";
			};
			name = Release;
		};
		1B4BB577296F93D300A49ACF /* Debug */ = {
			isa = XCBuildConfiguration;
			buildSettings = {
				ALWAYS_EMBED_SWIFT_STANDARD_LIBRARIES = YES;
				BUNDLE_LOADER = "$(TEST_HOST)";
				CODE_SIGN_STYLE = Automatic;
				CURRENT_PROJECT_VERSION = 1;
				DEVELOPMENT_TEAM = R399R4L4UA;
				GENERATE_INFOPLIST_FILE = YES;
				IPHONEOS_DEPLOYMENT_TARGET = 16.0;
				MARKETING_VERSION = 1.0;
				PRODUCT_BUNDLE_IDENTIFIER = francisco.com.br.financeTests;
				PRODUCT_NAME = "$(TARGET_NAME)";
				SWIFT_EMIT_LOC_STRINGS = NO;
				SWIFT_VERSION = 5.0;
				TARGETED_DEVICE_FAMILY = "1,2";
				TEST_HOST = "$(BUILT_PRODUCTS_DIR)/finance.app/$(BUNDLE_EXECUTABLE_FOLDER_PATH)/finance";
			};
			name = Debug;
		};
		1B4BB578296F93D300A49ACF /* Release */ = {
			isa = XCBuildConfiguration;
			buildSettings = {
				ALWAYS_EMBED_SWIFT_STANDARD_LIBRARIES = YES;
				BUNDLE_LOADER = "$(TEST_HOST)";
				CODE_SIGN_STYLE = Automatic;
				CURRENT_PROJECT_VERSION = 1;
				DEVELOPMENT_TEAM = R399R4L4UA;
				GENERATE_INFOPLIST_FILE = YES;
				IPHONEOS_DEPLOYMENT_TARGET = 16.0;
				MARKETING_VERSION = 1.0;
				PRODUCT_BUNDLE_IDENTIFIER = francisco.com.br.financeTests;
				PRODUCT_NAME = "$(TARGET_NAME)";
				SWIFT_EMIT_LOC_STRINGS = NO;
				SWIFT_VERSION = 5.0;
				TARGETED_DEVICE_FAMILY = "1,2";
				TEST_HOST = "$(BUILT_PRODUCTS_DIR)/finance.app/$(BUNDLE_EXECUTABLE_FOLDER_PATH)/finance";
			};
			name = Release;
		};
		1B4BB57A296F93D300A49ACF /* Debug */ = {
			isa = XCBuildConfiguration;
			buildSettings = {
				ALWAYS_EMBED_SWIFT_STANDARD_LIBRARIES = YES;
				CODE_SIGN_STYLE = Automatic;
				CURRENT_PROJECT_VERSION = 1;
				DEVELOPMENT_TEAM = R399R4L4UA;
				GENERATE_INFOPLIST_FILE = YES;
				MARKETING_VERSION = 1.0;
				PRODUCT_BUNDLE_IDENTIFIER = francisco.com.br.financeUITests;
				PRODUCT_NAME = "$(TARGET_NAME)";
				SWIFT_EMIT_LOC_STRINGS = NO;
				SWIFT_VERSION = 5.0;
				TARGETED_DEVICE_FAMILY = "1,2";
				TEST_TARGET_NAME = finance;
			};
			name = Debug;
		};
		1B4BB57B296F93D300A49ACF /* Release */ = {
			isa = XCBuildConfiguration;
			buildSettings = {
				ALWAYS_EMBED_SWIFT_STANDARD_LIBRARIES = YES;
				CODE_SIGN_STYLE = Automatic;
				CURRENT_PROJECT_VERSION = 1;
				DEVELOPMENT_TEAM = R399R4L4UA;
				GENERATE_INFOPLIST_FILE = YES;
				MARKETING_VERSION = 1.0;
				PRODUCT_BUNDLE_IDENTIFIER = francisco.com.br.financeUITests;
				PRODUCT_NAME = "$(TARGET_NAME)";
				SWIFT_EMIT_LOC_STRINGS = NO;
				SWIFT_VERSION = 5.0;
				TARGETED_DEVICE_FAMILY = "1,2";
				TEST_TARGET_NAME = finance;
			};
			name = Release;
		};
/* End XCBuildConfiguration section */

/* Begin XCConfigurationList section */
		1B4BB545296F93D000A49ACF /* Build configuration list for PBXProject "finance" */ = {
			isa = XCConfigurationList;
			buildConfigurations = (
				1B4BB571296F93D300A49ACF /* Debug */,
				1B4BB572296F93D300A49ACF /* Release */,
			);
			defaultConfigurationIsVisible = 0;
			defaultConfigurationName = Release;
		};
		1B4BB573296F93D300A49ACF /* Build configuration list for PBXNativeTarget "finance" */ = {
			isa = XCConfigurationList;
			buildConfigurations = (
				1B4BB574296F93D300A49ACF /* Debug */,
				1B4BB575296F93D300A49ACF /* Release */,
			);
			defaultConfigurationIsVisible = 0;
			defaultConfigurationName = Release;
		};
		1B4BB576296F93D300A49ACF /* Build configuration list for PBXNativeTarget "financeTests" */ = {
			isa = XCConfigurationList;
			buildConfigurations = (
				1B4BB577296F93D300A49ACF /* Debug */,
				1B4BB578296F93D300A49ACF /* Release */,
			);
			defaultConfigurationIsVisible = 0;
			defaultConfigurationName = Release;
		};
		1B4BB579296F93D300A49ACF /* Build configuration list for PBXNativeTarget "financeUITests" */ = {
			isa = XCConfigurationList;
			buildConfigurations = (
				1B4BB57A296F93D300A49ACF /* Debug */,
				1B4BB57B296F93D300A49ACF /* Release */,
			);
			defaultConfigurationIsVisible = 0;
			defaultConfigurationName = Release;
		};
/* End XCConfigurationList section */

/* Begin XCVersionGroup section */
		1B4BB558296F93D200A49ACF /* finance.xcdatamodeld */ = {
			isa = XCVersionGroup;
			children = (
				1B4BB559296F93D200A49ACF /* finance.xcdatamodel */,
			);
			currentVersion = 1B4BB559296F93D200A49ACF /* finance.xcdatamodel */;
			path = finance.xcdatamodeld;
			sourceTree = "<group>";
			versionGroupType = wrapper.xcdatamodel;
		};
/* End XCVersionGroup section */
	};
	rootObject = 1B4BB542296F93D000A49ACF /* Project object */;
}
